
Microsoft Visual Studio Solution File, Format Version 12.00
# Visual Studio 15
Project("{FAE04EC0-301F-11D3-BF4B-00C04F79EFBC}") = "Assembly-CSharp", "Assembly-CSharp.csproj", "{CCAA7178-A4FC-6B7A-E577-93882FB0308F}"
EndProject
Project("{FAE04EC0-301F-11D3-BF4B-00C04F79EFBC}") = "Assembly-CSharp-Editor", "Assembly-CSharp-Editor.csproj", "{748298A0-EA5E-F7D2-904B-5C1C1941207E}"
EndProject
Global
	GlobalSection(SolutionConfigurationPlatforms) = preSolution
		Debug|Any CPU = Debug|Any CPU
		Release|Any CPU = Release|Any CPU
	EndGlobalSection
	GlobalSection(ProjectConfigurationPlatforms) = postSolution
		{CCAA7178-A4FC-6B7A-E577-93882FB0308F}.Debug|Any CPU.ActiveCfg = Debug|Any CPU
		{CCAA7178-A4FC-6B7A-E577-93882FB0308F}.Debug|Any CPU.Build.0 = Debug|Any CPU
		{CCAA7178-A4FC-6B7A-E577-93882FB0308F}.Release|Any CPU.ActiveCfg = Release|Any CPU
		{CCAA7178-A4FC-6B7A-E577-93882FB0308F}.Release|Any CPU.Build.0 = Release|Any CPU
		{748298A0-EA5E-F7D2-904B-5C1C1941207E}.Debug|Any CPU.ActiveCfg = Debug|Any CPU
		{748298A0-EA5E-F7D2-904B-5C1C1941207E}.Debug|Any CPU.Build.0 = Debug|Any CPU
		{748298A0-EA5E-F7D2-904B-5C1C1941207E}.Release|Any CPU.ActiveCfg = Release|Any CPU
		{748298A0-EA5E-F7D2-904B-5C1C1941207E}.Release|Any CPU.Build.0 = Release|Any CPU
	EndGlobalSection
	GlobalSection(SolutionProperties) = preSolution
		HideSolutionNode = FALSE
	EndGlobalSection
EndGlobal
